
Microsoft Visual Studio Solution File, Format Version 12.00
# Visual Studio Version 16
VisualStudioVersion = 16.0.30717.126
MinimumVisualStudioVersion = 10.0.40219.1
Project("{9A19103F-16F7-4668-BE54-9A1E7A4F7556}") = "LearnEnglish", "LearnEnglish.csproj", "{6FA51D93-06C5-4424-AA22-D7D71C82C54F}"
EndProject
Project("{FAE04EC0-301F-11D3-BF4B-00C04F79EFBC}") = "LearnEnglishTest", "..\LearnEnglishTest\LearnEnglishTest.csproj", "{C12C35BC-085A-4FAB-9597-BF7F521C7F4C}"
EndProject
Global
	GlobalSection(SolutionConfigurationPlatforms) = preSolution
		Debug|Any CPU = Debug|Any CPU
		Release|Any CPU = Release|Any CPU
	EndGlobalSection
	GlobalSection(ProjectConfigurationPlatforms) = postSolution
		{6FA51D93-06C5-4424-AA22-D7D71C82C54F}.Debug|Any CPU.ActiveCfg = Debug|Any CPU
		{6FA51D93-06C5-4424-AA22-D7D71C82C54F}.Debug|Any CPU.Build.0 = Debug|Any CPU
		{6FA51D93-06C5-4424-AA22-D7D71C82C54F}.Release|Any CPU.ActiveCfg = Release|Any CPU
		{6FA51D93-06C5-4424-AA22-D7D71C82C54F}.Release|Any CPU.Build.0 = Release|Any CPU
		{C12C35BC-085A-4FAB-9597-BF7F521C7F4C}.Debug|Any CPU.ActiveCfg = Debug|Any CPU
		{C12C35BC-085A-4FAB-9597-BF7F521C7F4C}.Debug|Any CPU.Build.0 = Debug|Any CPU
		{C12C35BC-085A-4FAB-9597-BF7F521C7F4C}.Release|Any CPU.ActiveCfg = Release|Any CPU
		{C12C35BC-085A-4FAB-9597-BF7F521C7F4C}.Release|Any CPU.Build.0 = Release|Any CPU
	EndGlobalSection
	GlobalSection(SolutionProperties) = preSolution
		HideSolutionNode = FALSE
	EndGlobalSection
	GlobalSection(ExtensibilityGlobals) = postSolution
		SolutionGuid = {81BBCDD7-2D31-4FE6-93BD-0B700C5EE027}
	EndGlobalSection
EndGlobal
